github.com/peterbourgon/mergemap v0.0.1 h1:5/brtSACv34REV0xoYjPQ8JXZnx3nurGt6WInLRwqX4=
github.com/peterbourgon/mergemap v0.0.1/go.mod h1:jQyRpOpE/KbvPc0VKXjAqctYglwUO5W6zAcGcFfbvlo=
github.com/youduim/EntAppSdkGo v0.0.0-20190813030254-627e37d0aa7a h1:4A4N3EIp7FXrksAgxoR2Hm+PySSER/3aCb1TwamoMKE=
github.com/youduim/EntAppSdkGo v0.0.0-20190813030254-627e37d0aa7a/go.mod h1:SqIb+hZ86yaHYlP6AoIWqyOJtc3XUJmVHqbcHkGHoZs=
